// !$*UTF8*$!
{
	archiveVersion = 1;
	classes = {
	};
	objectVersion = 46;
	objects = {

/* Begin PBXBuildFile section */
		565DE2461A7D8C69004125C2 /* AppDelegate.swift in Sources */ = {isa = PBXBuildFile; fileRef = 565DE2451A7D8C69004125C2 /* AppDelegate.swift */; };
		565DE2481A7D8C69004125C2 /* SettingsTableViewController.swift in Sources */ = {isa = PBXBuildFile; fileRef = 565DE2471A7D8C69004125C2 /* SettingsTableViewController.swift */; };
		565DE24B1A7D8C69004125C2 /* Main.storyboard in Resources */ = {isa = PBXBuildFile; fileRef = 565DE2491A7D8C69004125C2 /* Main.storyboard */; };
		565DE24D1A7D8C69004125C2 /* Images.xcassets in Resources */ = {isa = PBXBuildFile; fileRef = 565DE24C1A7D8C69004125C2 /* Images.xcassets */; };
		565DE2501A7D8C69004125C2 /* LaunchScreen.xib in Resources */ = {isa = PBXBuildFile; fileRef = 565DE24E1A7D8C69004125C2 /* LaunchScreen.xib */; };
		565DE25C1A7D8C69004125C2 /* KeyboredTests.swift in Sources */ = {isa = PBXBuildFile; fileRef = 565DE25B1A7D8C69004125C2 /* KeyboredTests.swift */; };
		565DE26E1A7D8D0D004125C2 /* KeyboardViewController.swift in Sources */ = {isa = PBXBuildFile; fileRef = 565DE26D1A7D8D0D004125C2 /* KeyboardViewController.swift */; };
		565DE2711A7D8D0D004125C2 /* Keyboard.appex in Embed App Extensions */ = {isa = PBXBuildFile; fileRef = 565DE2691A7D8D0D004125C2 /* Keyboard.appex */; settings = {ATTRIBUTES = (RemoveHeadersOnCopy, ); }; };
		565DE2771A7E264D004125C2 /* Images.xcassets in Resources */ = {isa = PBXBuildFile; fileRef = 565DE2761A7E264D004125C2 /* Images.xcassets */; };
/* End PBXBuildFile section */

/* Begin PBXContainerItemProxy section */
		565DE2561A7D8C69004125C2 /* PBXContainerItemProxy */ = {
			isa = PBXContainerItemProxy;
			containerPortal = 565DE2381A7D8C69004125C2 /* Project object */;
			proxyType = 1;
			remoteGlobalIDString = 565DE23F1A7D8C69004125C2;
			remoteInfo = Keybored;
		};
		565DE26F1A7D8D0D004125C2 /* PBXContainerItemProxy */ = {
			isa = PBXContainerItemProxy;
			containerPortal = 565DE2381A7D8C69004125C2 /* Project object */;
			proxyType = 1;
			remoteGlobalIDString = 565DE2681A7D8D0D004125C2;
			remoteInfo = Keyboard;
		};
/* End PBXContainerItemProxy section */

/* Begin PBXCopyFilesBuildPhase section */
		565DE2751A7D8D0D004125C2 /* Embed App Extensions */ = {
			isa = PBXCopyFilesBuildPhase;
			buildActionMask = 2147483647;
			dstPath = "";
			dstSubfolderSpec = 13;
			files = (
				565DE2711A7D8D0D004125C2 /* Keyboard.appex in Embed App Extensions */,
			);
			name = "Embed App Extensions";
			runOnlyForDeploymentPostprocessing = 0;
		};
/* End PBXCopyFilesBuildPhase section */

/* Begin PBXFileReference section */
		565DE2401A7D8C69004125C2 /* Keybored.app */ = {isa = PBXFileReference; explicitFileType = wrapper.application; includeInIndex = 0; path = Keybored.app; sourceTree = BUILT_PRODUCTS_DIR; };
		565DE2441A7D8C69004125C2 /* Info.plist */ = {isa = PBXFileReference; lastKnownFileType = text.plist.xml; path = Info.plist; sourceTree = "<group>"; };
		565DE2451A7D8C69004125C2 /* AppDelegate.swift */ = {isa = PBXFileReference; lastKnownFileType = sourcecode.swift; path = AppDelegate.swift; sourceTree = "<group>"; };
		565DE2471A7D8C69004125C2 /* SettingsTableViewController.swift */ = {isa = PBXFileReference; lastKnownFileType = sourcecode.swift; path = SettingsTableViewController.swift; sourceTree = "<group>"; };
		565DE24A1A7D8C69004125C2 /* Base */ = {isa = PBXFileReference; lastKnownFileType = file.storyboard; name = Base; path = Base.lproj/Main.storyboard; sourceTree = "<group>"; };
		565DE24C1A7D8C69004125C2 /* Images.xcassets */ = {isa = PBXFileReference; lastKnownFileType = folder.assetcatalog; path = Images.xcassets; sourceTree = "<group>"; };
		565DE24F1A7D8C69004125C2 /* Base */ = {isa = PBXFileReference; lastKnownFileType = file.xib; name = Base; path = Base.lproj/LaunchScreen.xib; sourceTree = "<group>"; };
		565DE2551A7D8C69004125C2 /* KeyboredTests.xctest */ = {isa = PBXFileReference; explicitFileType = wrapper.cfbundle; includeInIndex = 0; path = KeyboredTests.xctest; sourceTree = BUILT_PRODUCTS_DIR; };
		565DE25A1A7D8C69004125C2 /* Info.plist */ = {isa = PBXFileReference; lastKnownFileType = text.plist.xml; path = Info.plist; sourceTree = "<group>"; };
		565DE25B1A7D8C69004125C2 /* KeyboredTests.swift */ = {isa = PBXFileReference; lastKnownFileType = sourcecode.swift; path = KeyboredTests.swift; sourceTree = "<group>"; };
		565DE2691A7D8D0D004125C2 /* Keyboard.appex */ = {isa = PBXFileReference; explicitFileType = "wrapper.app-extension"; includeInIndex = 0; path = Keyboard.appex; sourceTree = BUILT_PRODUCTS_DIR; };
		565DE26C1A7D8D0D004125C2 /* Info.plist */ = {isa = PBXFileReference; lastKnownFileType = text.plist.xml; path = Info.plist; sourceTree = "<group>"; };
		565DE26D1A7D8D0D004125C2 /* KeyboardViewController.swift */ = {isa = PBXFileReference; lastKnownFileType = sourcecode.swift; path = KeyboardViewController.swift; sourceTree = "<group>"; };
		565DE2761A7E264D004125C2 /* Images.xcassets */ = {isa = PBXFileReference; lastKnownFileType = folder.assetcatalog; path = Images.xcassets; sourceTree = "<group>"; };
		56BDC7691A7E6A7B00708C56 /* Keybored.entitlements */ = {isa = PBXFileReference; lastKnownFileType = text.xml; path = Keybored.entitlements; sourceTree = "<group>"; };
		56BDC76A1A7E6AB100708C56 /* Keyboard.entitlements */ = {isa = PBXFileReference; lastKnownFileType = text.xml; path = Keyboard.entitlements; sourceTree = "<group>"; };
/* End PBXFileReference section */

/* Begin PBXFrameworksBuildPhase section */
		565DE23D1A7D8C69004125C2 /* Frameworks */ = {
			isa = PBXFrameworksBuildPhase;
			buildActionMask = 2147483647;
			files = (
			);
			runOnlyForDeploymentPostprocessing = 0;
		};
		565DE2521A7D8C69004125C2 /* Frameworks */ = {
			isa = PBXFrameworksBuildPhase;
			buildActionMask = 2147483647;
			files = (
			);
			runOnlyForDeploymentPostprocessing = 0;
		};
		565DE2661A7D8D0D004125C2 /* Frameworks */ = {
			isa = PBXFrameworksBuildPhase;
			buildActionMask = 2147483647;
			files = (
			);
			runOnlyForDeploymentPostprocessing = 0;
		};
/* End PBXFrameworksBuildPhase section */

/* Begin PBXGroup section */
		565DE2371A7D8C69004125C2 = {
			isa = PBXGroup;
			children = (
				565DE2421A7D8C69004125C2 /* Keybored */,
				565DE2581A7D8C69004125C2 /* KeyboredTests */,
				565DE26A1A7D8D0D004125C2 /* Keyboard */,
				565DE2411A7D8C69004125C2 /* Products */,
			);
			sourceTree = "<group>";
		};
		565DE2411A7D8C69004125C2 /* Products */ = {
			isa = PBXGroup;
			children = (
				565DE2401A7D8C69004125C2 /* Keybored.app */,
				565DE2551A7D8C69004125C2 /* KeyboredTests.xctest */,
				565DE2691A7D8D0D004125C2 /* Keyboard.appex */,
			);
			name = Products;
			sourceTree = "<group>";
		};
		565DE2421A7D8C69004125C2 /* Keybored */ = {
			isa = PBXGroup;
			children = (
				565DE24E1A7D8C69004125C2 /* LaunchScreen.xib */,
				565DE2491A7D8C69004125C2 /* Main.storyboard */,
				565DE24C1A7D8C69004125C2 /* Images.xcassets */,
				565DE2451A7D8C69004125C2 /* AppDelegate.swift */,
				565DE2471A7D8C69004125C2 /* SettingsTableViewController.swift */,
				565DE2431A7D8C69004125C2 /* Supporting Files */,
			);
			path = Keybored;
			sourceTree = "<group>";
		};
		565DE2431A7D8C69004125C2 /* Supporting Files */ = {
			isa = PBXGroup;
			children = (
				565DE2441A7D8C69004125C2 /* Info.plist */,
				56BDC7691A7E6A7B00708C56 /* Keybored.entitlements */,
			);
			name = "Supporting Files";
			sourceTree = "<group>";
		};
		565DE2581A7D8C69004125C2 /* KeyboredTests */ = {
			isa = PBXGroup;
			children = (
				565DE25B1A7D8C69004125C2 /* KeyboredTests.swift */,
				565DE2591A7D8C69004125C2 /* Supporting Files */,
			);
			path = KeyboredTests;
			sourceTree = "<group>";
		};
		565DE2591A7D8C69004125C2 /* Supporting Files */ = {
			isa = PBXGroup;
			children = (
				565DE25A1A7D8C69004125C2 /* Info.plist */,
			);
			name = "Supporting Files";
			sourceTree = "<group>";
		};
		565DE26A1A7D8D0D004125C2 /* Keyboard */ = {
			isa = PBXGroup;
			children = (
				565DE2761A7E264D004125C2 /* Images.xcassets */,
				565DE26D1A7D8D0D004125C2 /* KeyboardViewController.swift */,
				565DE26B1A7D8D0D004125C2 /* Supporting Files */,
			);
			path = Keyboard;
			sourceTree = "<group>";
		};
		565DE26B1A7D8D0D004125C2 /* Supporting Files */ = {
			isa = PBXGroup;
			children = (
				565DE26C1A7D8D0D004125C2 /* Info.plist */,
				56BDC76A1A7E6AB100708C56 /* Keyboard.entitlements */,
			);
			name = "Supporting Files";
			sourceTree = "<group>";
		};
/* End PBXGroup section */

/* Begin PBXNativeTarget section */
		565DE23F1A7D8C69004125C2 /* Keybored */ = {
			isa = PBXNativeTarget;
			buildConfigurationList = 565DE25F1A7D8C69004125C2 /* Build configuration list for PBXNativeTarget "Keybored" */;
			buildPhases = (
				565DE23C1A7D8C69004125C2 /* Sources */,
				565DE23D1A7D8C69004125C2 /* Frameworks */,
				565DE23E1A7D8C69004125C2 /* Resources */,
				565DE2751A7D8D0D004125C2 /* Embed App Extensions */,
			);
			buildRules = (
			);
			dependencies = (
				565DE2701A7D8D0D004125C2 /* PBXTargetDependency */,
			);
			name = Keybored;
			productName = Keybored;
			productReference = 565DE2401A7D8C69004125C2 /* Keybored.app */;
			productType = "com.apple.product-type.application";
		};
		565DE2541A7D8C69004125C2 /* KeyboredTests */ = {
			isa = PBXNativeTarget;
			buildConfigurationList = 565DE2621A7D8C69004125C2 /* Build configuration list for PBXNativeTarget "KeyboredTests" */;
			buildPhases = (
				565DE2511A7D8C69004125C2 /* Sources */,
				565DE2521A7D8C69004125C2 /* Frameworks */,
				565DE2531A7D8C69004125C2 /* Resources */,
			);
			buildRules = (
			);
			dependencies = (
				565DE2571A7D8C69004125C2 /* PBXTargetDependency */,
			);
			name = KeyboredTests;
			productName = KeyboredTests;
			productReference = 565DE2551A7D8C69004125C2 /* KeyboredTests.xctest */;
			productType = "com.apple.product-type.bundle.unit-test";
		};
		565DE2681A7D8D0D004125C2 /* Keyboard */ = {
			isa = PBXNativeTarget;
			buildConfigurationList = 565DE2721A7D8D0D004125C2 /* Build configuration list for PBXNativeTarget "Keyboard" */;
			buildPhases = (
				565DE2651A7D8D0D004125C2 /* Sources */,
				565DE2661A7D8D0D004125C2 /* Frameworks */,
				565DE2671A7D8D0D004125C2 /* Resources */,
			);
			buildRules = (
			);
			dependencies = (
			);
			name = Keyboard;
			productName = Keyboard;
			productReference = 565DE2691A7D8D0D004125C2 /* Keyboard.appex */;
			productType = "com.apple.product-type.app-extension";
		};
/* End PBXNativeTarget section */

/* Begin PBXProject section */
		565DE2381A7D8C69004125C2 /* Project object */ = {
			isa = PBXProject;
			attributes = {
				LastUpgradeCheck = 0610;
				ORGANIZATIONNAME = "Massimo Peri";
				TargetAttributes = {
					565DE23F1A7D8C69004125C2 = {
						CreatedOnToolsVersion = 6.1.1;
						DevelopmentTeam = PZ7QB7SQMF;
						SystemCapabilities = {
							com.apple.ApplicationGroups.iOS = {
								enabled = 1;
							};
						};
					};
					565DE2541A7D8C69004125C2 = {
						CreatedOnToolsVersion = 6.1.1;
						TestTargetID = 565DE23F1A7D8C69004125C2;
					};
					565DE2681A7D8D0D004125C2 = {
						CreatedOnToolsVersion = 6.1.1;
						DevelopmentTeam = PZ7QB7SQMF;
						SystemCapabilities = {
							com.apple.ApplicationGroups.iOS = {
								enabled = 1;
							};
						};
					};
				};
			};
			buildConfigurationList = 565DE23B1A7D8C69004125C2 /* Build configuration list for PBXProject "Keybored" */;
			compatibilityVersion = "Xcode 3.2";
			developmentRegion = English;
			hasScannedForEncodings = 0;
			knownRegions = (
				en,
				Base,
			);
			mainGroup = 565DE2371A7D8C69004125C2;
			productRefGroup = 565DE2411A7D8C69004125C2 /* Products */;
			projectDirPath = "";
			projectRoot = "";
			targets = (
				565DE23F1A7D8C69004125C2 /* Keybored */,
				565DE2541A7D8C69004125C2 /* KeyboredTests */,
				565DE2681A7D8D0D004125C2 /* Keyboard */,
			);
		};
/* End PBXProject section */

/* Begin PBXResourcesBuildPhase section */
		565DE23E1A7D8C69004125C2 /* Resources */ = {
			isa = PBXResourcesBuildPhase;
			buildActionMask = 2147483647;
			files = (
				565DE24B1A7D8C69004125C2 /* Main.storyboard in Resources */,
				565DE2501A7D8C69004125C2 /* LaunchScreen.xib in Resources */,
				565DE24D1A7D8C69004125C2 /* Images.xcassets in Resources */,
			);
			runOnlyForDeploymentPostprocessing = 0;
		};
		565DE2531A7D8C69004125C2 /* Resources */ = {
			isa = PBXResourcesBuildPhase;
			buildActionMask = 2147483647;
			files = (
			);
			runOnlyForDeploymentPostprocessing = 0;
		};
		565DE2671A7D8D0D004125C2 /* Resources */ = {
			isa = PBXResourcesBuildPhase;
			buildActionMask = 2147483647;
			files = (
				565DE2771A7E264D004125C2 /* Images.xcassets in Resources */,
			);
			runOnlyForDeploymentPostprocessing = 0;
		};
/* End PBXResourcesBuildPhase section */

/* Begin PBXSourcesBuildPhase section */
		565DE23C1A7D8C69004125C2 /* Sources */ = {
			isa = PBXSourcesBuildPhase;
			buildActionMask = 2147483647;
			files = (
				565DE2481A7D8C69004125C2 /* SettingsTableViewController.swift in Sources */,
				565DE2461A7D8C69004125C2 /* AppDelegate.swift in Sources */,
			);
			runOnlyForDeploymentPostprocessing = 0;
		};
		565DE2511A7D8C69004125C2 /* Sources */ = {
			isa = PBXSourcesBuildPhase;
			buildActionMask = 2147483647;
			files = (
				565DE25C1A7D8C69004125C2 /* KeyboredTests.swift in Sources */,
			);
			runOnlyForDeploymentPostprocessing = 0;
		};
		565DE2651A7D8D0D004125C2 /* Sources */ = {
			isa = PBXSourcesBuildPhase;
			buildActionMask = 2147483647;
			files = (
				565DE26E1A7D8D0D004125C2 /* KeyboardViewController.swift in Sources */,
			);
			runOnlyForDeploymentPostprocessing = 0;
		};
/* End PBXSourcesBuildPhase section */

/* Begin PBXTargetDependency section */
		565DE2571A7D8C69004125C2 /* PBXTargetDependency */ = {
			isa = PBXTargetDependency;
			target = 565DE23F1A7D8C69004125C2 /* Keybored */;
			targetProxy = 565DE2561A7D8C69004125C2 /* PBXContainerItemProxy */;
		};
		565DE2701A7D8D0D004125C2 /* PBXTargetDependency */ = {
			isa = PBXTargetDependency;
			target = 565DE2681A7D8D0D004125C2 /* Keyboard */;
			targetProxy = 565DE26F1A7D8D0D004125C2 /* PBXContainerItemProxy */;
		};
/* End PBXTargetDependency section */

/* Begin PBXVariantGroup section */
		565DE2491A7D8C69004125C2 /* Main.storyboard */ = {
			isa = PBXVariantGroup;
			children = (
				565DE24A1A7D8C69004125C2 /* Base */,
			);
			name = Main.storyboard;
			sourceTree = "<group>";
		};
		565DE24E1A7D8C69004125C2 /* LaunchScreen.xib */ = {
			isa = PBXVariantGroup;
			children = (
				565DE24F1A7D8C69004125C2 /* Base */,
			);
			name = LaunchScreen.xib;
			sourceTree = "<group>";
		};
/* End PBXVariantGroup section */

/* Begin XCBuildConfiguration section */
		565DE25D1A7D8C69004125C2 /* Debug */ = {
			isa = XCBuildConfiguration;
			buildSettings = {
				ALWAYS_SEARCH_USER_PATHS = NO;
				CLANG_CXX_LANGUAGE_STANDARD = "gnu++0x";
				CLANG_CXX_LIBRARY = "libc++";
				CLANG_ENABLE_MODULES = YES;
				CLANG_ENABLE_OBJC_ARC = YES;
				CLANG_WARN_BOOL_CONVERSION = YES;
				CLANG_WARN_CONSTANT_CONVERSION = YES;
				CLANG_WARN_DIRECT_OBJC_ISA_USAGE = YES_ERROR;
				CLANG_WARN_EMPTY_BODY = YES;
				CLANG_WARN_ENUM_CONVERSION = YES;
				CLANG_WARN_INT_CONVERSION = YES;
				CLANG_WARN_OBJC_ROOT_CLASS = YES_ERROR;
				CLANG_WARN_UNREACHABLE_CODE = YES;
				CLANG_WARN__DUPLICATE_METHOD_MATCH = YES;
				"CODE_SIGN_IDENTITY[sdk=iphoneos*]" = "iPhone Developer";
				COPY_PHASE_STRIP = NO;
				ENABLE_STRICT_OBJC_MSGSEND = YES;
				GCC_C_LANGUAGE_STANDARD = gnu99;
				GCC_DYNAMIC_NO_PIC = NO;
				GCC_OPTIMIZATION_LEVEL = 0;
				GCC_PREPROCESSOR_DEFINITIONS = (
					"DEBUG=1",
					"$(inherited)",
				);
				GCC_SYMBOLS_PRIVATE_EXTERN = NO;
				GCC_WARN_64_TO_32_BIT_CONVERSION = YES;
				GCC_WARN_ABOUT_RETURN_TYPE = YES_ERROR;
				GCC_WARN_UNDECLARED_SELECTOR = YES;
				GCC_WARN_UNINITIALIZED_AUTOS = YES_AGGRESSIVE;
				GCC_WARN_UNUSED_FUNCTION = YES;
				GCC_WARN_UNUSED_VARIABLE = YES;
				IPHONEOS_DEPLOYMENT_TARGET = 8.1;
				MTL_ENABLE_DEBUG_INFO = YES;
				ONLY_ACTIVE_ARCH = YES;
				SDKROOT = iphoneos;
				SWIFT_OPTIMIZATION_LEVEL = "-Onone";
				TARGETED_DEVICE_FAMILY = "1,2";
			};
			name = Debug;
		};
		565DE25E1A7D8C69004125C2 /* Release */ = {
			isa = XCBuildConfiguration;
			buildSettings = {
				ALWAYS_SEARCH_USER_PATHS = NO;
				CLANG_CXX_LANGUAGE_STANDARD = "gnu++0x";
				CLANG_CXX_LIBRARY = "libc++";
				CLANG_ENABLE_MODULES = YES;
				CLANG_ENABLE_OBJC_ARC = YES;
				CLANG_WARN_BOOL_CONVERSION = YES;
				CLANG_WARN_CONSTANT_CONVERSION = YES;
				CLANG_WARN_DIRECT_OBJC_ISA_USAGE = YES_ERROR;
				CLANG_WARN_EMPTY_BODY = YES;
				CLANG_WARN_ENUM_CONVERSION = YES;
				CLANG_WARN_INT_CONVERSION = YES;
				CLANG_WARN_OBJC_ROOT_CLASS = YES_ERROR;
				CLANG_WARN_UNREACHABLE_CODE = YES;
				CLANG_WARN__DUPLICATE_METHOD_MATCH = YES;
				"CODE_SIGN_IDENTITY[sdk=iphoneos*]" = "iPhone Developer";
				COPY_PHASE_STRIP = YES;
				ENABLE_NS_ASSERTIONS = NO;
				ENABLE_STRICT_OBJC_MSGSEND = YES;
				GCC_C_LANGUAGE_STANDARD = gnu99;
				GCC_WARN_64_TO_32_BIT_CONVERSION = YES;
				GCC_WARN_ABOUT_RETURN_TYPE = YES_ERROR;
				GCC_WARN_UNDECLARED_SELECTOR = YES;
				GCC_WARN_UNINITIALIZED_AUTOS = YES_AGGRESSIVE;
				GCC_WARN_UNUSED_FUNCTION = YES;
				GCC_WARN_UNUSED_VARIABLE = YES;
				IPHONEOS_DEPLOYMENT_TARGET = 8.1;
				MTL_ENABLE_DEBUG_INFO = NO;
				SDKROOT = iphoneos;
				TARGETED_DEVICE_FAMILY = "1,2";
				VALIDATE_PRODUCT = YES;
			};
			name = Release;
		};
		565DE2601A7D8C69004125C2 /* Debug */ = {
			isa = XCBuildConfiguration;
			buildSettings = {
				ASSETCATALOG_COMPILER_APPICON_NAME = AppIcon;
				CODE_SIGN_ENTITLEMENTS = Keybored/Keybored.entitlements;
				CODE_SIGN_IDENTITY = "iPhone Developer";
				"CODE_SIGN_IDENTITY[sdk=iphoneos*]" = "iPhone Developer";
				EMBEDDED_CONTENT_CONTAINS_SWIFT = YES;
				INFOPLIST_FILE = Keybored/Info.plist;
				LD_RUNPATH_SEARCH_PATHS = "$(inherited) @executable_path/Frameworks";
				PRODUCT_NAME = "$(TARGET_NAME)";
				PROVISIONING_PROFILE = "";
			};
			name = Debug;
		};
		565DE2611A7D8C69004125C2 /* Release */ = {
			isa = XCBuildConfiguration;
			buildSettings = {
				ASSETCATALOG_COMPILER_APPICON_NAME = AppIcon;
				CODE_SIGN_ENTITLEMENTS = Keybored/Keybored.entitlements;
				CODE_SIGN_IDENTITY = "iPhone Developer";
				"CODE_SIGN_IDENTITY[sdk=iphoneos*]" = "iPhone Developer";
				EMBEDDED_CONTENT_CONTAINS_SWIFT = YES;
				INFOPLIST_FILE = Keybored/Info.plist;
				LD_RUNPATH_SEARCH_PATHS = "$(inherited) @executable_path/Frameworks";
				PRODUCT_NAME = "$(TARGET_NAME)";
				PROVISIONING_PROFILE = "";
			};
			name = Release;
		};
		565DE2631A7D8C69004125C2 /* Debug */ = {
			isa = XCBuildConfiguration;
			buildSettings = {
				BUNDLE_LOADER = "$(TEST_HOST)";
				FRAMEWORK_SEARCH_PATHS = (
					"$(SDKROOT)/Developer/Library/Frameworks",
					"$(inherited)",
				);
				GCC_PREPROCESSOR_DEFINITIONS = (
					"DEBUG=1",
					"$(inherited)",
				);
				INFOPLIST_FILE = KeyboredTests/Info.plist;
				LD_RUNPATH_SEARCH_PATHS = "$(inherited) @executable_path/Frameworks @loader_path/Frameworks";
				PRODUCT_NAME = "$(TARGET_NAME)";
				TEST_HOST = "$(BUILT_PRODUCTS_DIR)/Keybored.app/Keybored";
			};
			name = Debug;
		};
		565DE2641A7D8C69004125C2 /* Release */ = {
			isa = XCBuildConfiguration;
			buildSettings = {
				BUNDLE_LOADER = "$(TEST_HOST)";
				FRAMEWORK_SEARCH_PATHS = (
					"$(SDKROOT)/Developer/Library/Frameworks",
					"$(inherited)",
				);
				INFOPLIST_FILE = KeyboredTests/Info.plist;
				LD_RUNPATH_SEARCH_PATHS = "$(inherited) @executable_path/Frameworks @loader_path/Frameworks";
				PRODUCT_NAME = "$(TARGET_NAME)";
				TEST_HOST = "$(BUILT_PRODUCTS_DIR)/Keybored.app/Keybored";
			};
			name = Release;
		};
		565DE2731A7D8D0D004125C2 /* Debug */ = {
			isa = XCBuildConfiguration;
			buildSettings = {
				CODE_SIGN_ENTITLEMENTS = Keyboard/Keyboard.entitlements;
				CODE_SIGN_IDENTITY = "iPhone Developer";
				"CODE_SIGN_IDENTITY[sdk=iphoneos*]" = "iPhone Developer";
				GCC_PREPROCESSOR_DEFINITIONS = (
					"DEBUG=1",
					"$(inherited)",
				);
				INFOPLIST_FILE = Keyboard/Info.plist;
				LD_RUNPATH_SEARCH_PATHS = "$(inherited) @executable_path/Frameworks @executable_path/../../Frameworks";
				PRODUCT_NAME = "$(TARGET_NAME)";
				PROVISIONING_PROFILE = "";
				SKIP_INSTALL = YES;
			};
			name = Debug;
		};
		565DE2741A7D8D0D004125C2 /* Release */ = {
			isa = XCBuildConfiguration;
			buildSettings = {
				CODE_SIGN_ENTITLEMENTS = Keyboard/Keyboard.entitlements;
				CODE_SIGN_IDENTITY = "iPhone Developer";
				"CODE_SIGN_IDENTITY[sdk=iphoneos*]" = "iPhone Developer";
				INFOPLIST_FILE = Keyboard/Info.plist;
				LD_RUNPATH_SEARCH_PATHS = "$(inherited) @executable_path/Frameworks @executable_path/../../Frameworks";
				PRODUCT_NAME = "$(TARGET_NAME)";
				PROVISIONING_PROFILE = "";
				SKIP_INSTALL = YES;
			};
			name = Release;
		};
/* End XCBuildConfiguration section */

/* Begin XCConfigurationList section */
		565DE23B1A7D8C69004125C2 /* Build configuration list for PBXProject "Keybored" */ = {
			isa = XCConfigurationList;
			buildConfigurations = (
				565DE25D1A7D8C69004125C2 /* Debug */,
				565DE25E1A7D8C69004125C2 /* Release */,
			);
			defaultConfigurationIsVisible = 0;
			defaultConfigurationName = Release;
		};
		565DE25F1A7D8C69004125C2 /* Build configuration list for PBXNativeTarget "Keybored" */ = {
			isa = XCConfigurationList;
			buildConfigurations = (
				565DE2601A7D8C69004125C2 /* Debug */,
				565DE2611A7D8C69004125C2 /* Release */,
			);
			defaultConfigurationIsVisible = 0;
			defaultConfigurationName = Release;
		};
		565DE2621A7D8C69004125C2 /* Build configuration list for PBXNativeTarget "KeyboredTests" */ = {
			isa = XCConfigurationList;
			buildConfigurations = (
				565DE2631A7D8C69004125C2 /* Debug */,
				565DE2641A7D8C69004125C2 /* Release */,
			);
			defaultConfigurationIsVisible = 0;
			defaultConfigurationName = Release;
		};
		565DE2721A7D8D0D004125C2 /* Build configuration list for PBXNativeTarget "Keyboard" */ = {
			isa = XCConfigurationList;
			buildConfigurations = (
				565DE2731A7D8D0D004125C2 /* Debug */,
				565DE2741A7D8D0D004125C2 /* Release */,
			);
			defaultConfigurationIsVisible = 0;
			defaultConfigurationName = Release;
		};
/* End XCConfigurationList section */
	};
	rootObject = 565DE2381A7D8C69004125C2 /* Project object */;
}
